
Microsoft Visual Studio Solution File, Format Version 12.00
# Visual Studio Version 16
VisualStudioVersion = 16.0.30428.66
MinimumVisualStudioVersion = 10.0.40219.1
Project("{FAE04EC0-301F-11D3-BF4B-00C04F79EFBC}") = "SelectGradientColors", "SelectGradientColors.csproj", "{88BF7BE4-1C30-48AC-B1F6-6DF90DF9A2F4}"
EndProject
Global
	GlobalSection(SolutionConfigurationPlatforms) = preSolution
		Debug|x64 = Debug|x64
		Debug|x86 = Debug|x86
		Release|x64 = Release|x64
		Release|x86 = Release|x86
	EndGlobalSection
	GlobalSection(ProjectConfigurationPlatforms) = postSolution
		{88BF7BE4-1C30-48AC-B1F6-6DF90DF9A2F4}.Debug|x64.ActiveCfg = Debug|x64
		{88BF7BE4-1C30-48AC-B1F6-6DF90DF9A2F4}.Debug|x64.Build.0 = Debug|x64
		{88BF7BE4-1C30-48AC-B1F6-6DF90DF9A2F4}.Debug|x64.Deploy.0 = Debug|x64
		{88BF7BE4-1C30-48AC-B1F6-6DF90DF9A2F4}.Debug|x86.ActiveCfg = Debug|x86
		{88BF7BE4-1C30-48AC-B1F6-6DF90DF9A2F4}.Debug|x86.Build.0 = Debug|x86
		{88BF7BE4-1C30-48AC-B1F6-6DF90DF9A2F4}.Debug|x86.Deploy.0 = Debug|x86
		{88BF7BE4-1C30-48AC-B1F6-6DF90DF9A2F4}.Release|x64.ActiveCfg = Release|x64
		{88BF7BE4-1C30-48AC-B1F6-6DF90DF9A2F4}.Release|x64.Build.0 = Release|x64
		{88BF7BE4-1C30-48AC-B1F6-6DF90DF9A2F4}.Release|x64.Deploy.0 = Release|x64
		{88BF7BE4-1C30-48AC-B1F6-6DF90DF9A2F4}.Release|x86.ActiveCfg = Release|x86
		{88BF7BE4-1C30-48AC-B1F6-6DF90DF9A2F4}.Release|x86.Build.0 = Release|x86
		{88BF7BE4-1C30-48AC-B1F6-6DF90DF9A2F4}.Release|x86.Deploy.0 = Release|x86
	EndGlobalSection
	GlobalSection(SolutionProperties) = preSolution
		HideSolutionNode = FALSE
	EndGlobalSection
	GlobalSection(ExtensibilityGlobals) = postSolution
		SolutionGuid = {07B50592-F50B-4F29-A9D8-065A91B0B576}
	EndGlobalSection
EndGlobal
